# This file is automatically @generated by Cargo.
# It is not intended for manual editing.
version = 3

[[package]]
name = "aoc-2023-rust"
version = "0.1.0"

[[package]]
name = "crates"
version = "0.1.0"

[[package]]
name = "day01-part01"
version = "0.1.0"
dependencies = [
 "crates",
]

[[package]]
name = "day01-part02"
version = "0.1.0"
dependencies = [
 "crates",
]

[[package]]
name = "day02-part01"
version = "0.1.0"
dependencies = [
 "crates",
]

[[package]]
name = "day02-part02"
version = "0.1.0"
dependencies = [
 "crates",
]

[[package]]
name = "day03-part01"
version = "0.1.0"
dependencies = [
 "crates",
]

[[package]]
name = "day03-part02"
version = "0.1.0"
dependencies = [
 "crates",
]

[[package]]
name = "day04-part01"
version = "0.1.0"
dependencies = [
 "crates",
]

[[package]]
name = "day04-part02"
version = "0.1.0"
dependencies = [
 "crates",
]

[[package]]
name = "day05-part01"
version = "0.1.0"
dependencies = [
 "crates",
]

[[package]]
name = "day05-part02"
version = "0.1.0"
dependencies = [
 "crates",
]

[[package]]
name = "day06-part01"
version = "0.1.0"
dependencies = [
 "crates",
]

[[package]]
name = "day06-part02"
version = "0.1.0"
dependencies = [
 "crates",
]

[[package]]
name = "day07-part01"
version = "0.1.0"
dependencies = [
 "crates",
]

[[package]]
name = "day07-part02"
version = "0.1.0"
dependencies = [
 "crates",
]
