# This file is automatically @generated by Cargo.
# It is not intended for manual editing.
version = 3

[[package]]
name = "aoc-2023-rust"
version = "0.1.0"

[[package]]
name = "day01-part01"
version = "0.1.0"

[[package]]
name = "day01-part02"
version = "0.1.0"

[[package]]
name = "day02-part01"
version = "0.1.0"

[[package]]
name = "day02-part02"
version = "0.1.0"

[[package]]
name = "day03-part01"
version = "0.1.0"

[[package]]
name = "day03-part02"
version = "0.1.0"

[[package]]
name = "day04-part01"
version = "0.1.0"
